
Microsoft Visual Studio Solution File, Format Version 12.00
# Visual Studio 2013
VisualStudioVersion = 12.0.21005.1
MinimumVisualStudioVersion = 10.0.40219.1
Project("{FAE04EC0-301F-11D3-BF4B-00C04F79EFBC}") = "MessengerServer", "MessengerServer\MessengerServer.csproj", "{A3F20C19-3C26-49DD-A971-8B42C3318D04}"
EndProject
Project("{FAE04EC0-301F-11D3-BF4B-00C04F79EFBC}") = "MessengerServerConsole", "MessengerServerConsole\MessengerServerConsole.csproj", "{6A8B2D0A-1B78-4CE2-A91B-587F5A3DBC5B}"
EndProject
Global
	GlobalSection(SolutionConfigurationPlatforms) = preSolution
		Debug|Any CPU = Debug|Any CPU
		Release|Any CPU = Release|Any CPU
	EndGlobalSection
	GlobalSection(ProjectConfigurationPlatforms) = postSolution
		{A3F20C19-3C26-49DD-A971-8B42C3318D04}.Debug|Any CPU.ActiveCfg = Debug|Any CPU
		{A3F20C19-3C26-49DD-A971-8B42C3318D04}.Debug|Any CPU.Build.0 = Debug|Any CPU
		{A3F20C19-3C26-49DD-A971-8B42C3318D04}.Release|Any CPU.ActiveCfg = Release|Any CPU
		{A3F20C19-3C26-49DD-A971-8B42C3318D04}.Release|Any CPU.Build.0 = Release|Any CPU
		{6A8B2D0A-1B78-4CE2-A91B-587F5A3DBC5B}.Debug|Any CPU.ActiveCfg = Debug|Any CPU
		{6A8B2D0A-1B78-4CE2-A91B-587F5A3DBC5B}.Debug|Any CPU.Build.0 = Debug|Any CPU
		{6A8B2D0A-1B78-4CE2-A91B-587F5A3DBC5B}.Release|Any CPU.ActiveCfg = Release|Any CPU
		{6A8B2D0A-1B78-4CE2-A91B-587F5A3DBC5B}.Release|Any CPU.Build.0 = Release|Any CPU
	EndGlobalSection
	GlobalSection(SolutionProperties) = preSolution
		HideSolutionNode = FALSE
	EndGlobalSection
EndGlobal
